PODS:
  - BluetoothManager (1.0.1)

DEPENDENCIES:
  - BluetoothManager (from `../../`)

EXTERNAL SOURCES:
  BluetoothManager:
    :path: "../../"

SPEC CHECKSUMS:
  BluetoothManager: 1f3ccb02fa23de87d3b2171d8c14af777d525dfd

PODFILE CHECKSUM: a6bf7b0b98cd7387be404ef10cce1f48beaec07f

COCOAPODS: 1.6.0
