PODS:
  - BeaconDetectManager (1.0.3)

DEPENDENCIES:
  - BeaconDetectManager (from `../../`)

EXTERNAL SOURCES:
  BeaconDetectManager:
    :path: "../../"

SPEC CHECKSUMS:
  BeaconDetectManager: 66794de20dadad2ad67045d3de63daeab100d51a

PODFILE CHECKSUM: efb74858bd6a3e7a540787b493b04bceb4279d0a

COCOAPODS: 1.6.0
